
Microsoft Visual Studio Solution File, Format Version 12.00
# Visual Studio Version 17
VisualStudioVersion = 17.7.34031.279
MinimumVisualStudioVersion = 10.0.40219.1
Project("{FAE04EC0-301F-11D3-BF4B-00C04F79EFBC}") = "04. Toy Shop", "04. Toy Shop.csproj", "{99E51124-0DB2-4A58-8F9C-08B396C9CD3B}"
EndProject
Global
	GlobalSection(SolutionConfigurationPlatforms) = preSolution
		Debug|Any CPU = Debug|Any CPU
		Release|Any CPU = Release|Any CPU
	EndGlobalSection
	GlobalSection(ProjectConfigurationPlatforms) = postSolution
		{99E51124-0DB2-4A58-8F9C-08B396C9CD3B}.Debug|Any CPU.ActiveCfg = Debug|Any CPU
		{99E51124-0DB2-4A58-8F9C-08B396C9CD3B}.Debug|Any CPU.Build.0 = Debug|Any CPU
		{99E51124-0DB2-4A58-8F9C-08B396C9CD3B}.Release|Any CPU.ActiveCfg = Release|Any CPU
		{99E51124-0DB2-4A58-8F9C-08B396C9CD3B}.Release|Any CPU.Build.0 = Release|Any CPU
	EndGlobalSection
	GlobalSection(SolutionProperties) = preSolution
		HideSolutionNode = FALSE
	EndGlobalSection
	GlobalSection(ExtensibilityGlobals) = postSolution
		SolutionGuid = {32189471-EEB5-4CD0-A1DE-216F25A3D05D}
	EndGlobalSection
EndGlobal
