
Microsoft Visual Studio Solution File, Format Version 12.00
# Visual Studio Version 17
VisualStudioVersion = 17.7.34031.279
MinimumVisualStudioVersion = 10.0.40219.1
Project("{FAE04EC0-301F-11D3-BF4B-00C04F79EFBC}") = "07. Food Delivery", "07. Food Delivery.csproj", "{FDC4CCA3-F44D-4ABA-8169-9ADCBD9F8283}"
EndProject
Global
	GlobalSection(SolutionConfigurationPlatforms) = preSolution
		Debug|Any CPU = Debug|Any CPU
		Release|Any CPU = Release|Any CPU
	EndGlobalSection
	GlobalSection(ProjectConfigurationPlatforms) = postSolution
		{FDC4CCA3-F44D-4ABA-8169-9ADCBD9F8283}.Debug|Any CPU.ActiveCfg = Debug|Any CPU
		{FDC4CCA3-F44D-4ABA-8169-9ADCBD9F8283}.Debug|Any CPU.Build.0 = Debug|Any CPU
		{FDC4CCA3-F44D-4ABA-8169-9ADCBD9F8283}.Release|Any CPU.ActiveCfg = Release|Any CPU
		{FDC4CCA3-F44D-4ABA-8169-9ADCBD9F8283}.Release|Any CPU.Build.0 = Release|Any CPU
	EndGlobalSection
	GlobalSection(SolutionProperties) = preSolution
		HideSolutionNode = FALSE
	EndGlobalSection
	GlobalSection(ExtensibilityGlobals) = postSolution
		SolutionGuid = {1C8EF5F8-7A53-4653-94D7-678231B2ACF1}
	EndGlobalSection
EndGlobal
