
Microsoft Visual Studio Solution File, Format Version 12.00
# Visual Studio Version 17
VisualStudioVersion = 17.7.34031.279
MinimumVisualStudioVersion = 10.0.40219.1
Project("{FAE04EC0-301F-11D3-BF4B-00C04F79EFBC}") = "08. Lunch Break", "08. Lunch Break.csproj", "{D4AE7D94-D404-4D58-896A-2D749D62D3CD}"
EndProject
Global
	GlobalSection(SolutionConfigurationPlatforms) = preSolution
		Debug|Any CPU = Debug|Any CPU
		Release|Any CPU = Release|Any CPU
	EndGlobalSection
	GlobalSection(ProjectConfigurationPlatforms) = postSolution
		{D4AE7D94-D404-4D58-896A-2D749D62D3CD}.Debug|Any CPU.ActiveCfg = Debug|Any CPU
		{D4AE7D94-D404-4D58-896A-2D749D62D3CD}.Debug|Any CPU.Build.0 = Debug|Any CPU
		{D4AE7D94-D404-4D58-896A-2D749D62D3CD}.Release|Any CPU.ActiveCfg = Release|Any CPU
		{D4AE7D94-D404-4D58-896A-2D749D62D3CD}.Release|Any CPU.Build.0 = Release|Any CPU
	EndGlobalSection
	GlobalSection(SolutionProperties) = preSolution
		HideSolutionNode = FALSE
	EndGlobalSection
	GlobalSection(ExtensibilityGlobals) = postSolution
		SolutionGuid = {B330165C-6FC9-4CF3-B59E-6D88B32F8391}
	EndGlobalSection
EndGlobal
