
Microsoft Visual Studio Solution File, Format Version 12.00
# Visual Studio Version 17
VisualStudioVersion = 17.7.34031.279
MinimumVisualStudioVersion = 10.0.40219.1
Project("{FAE04EC0-301F-11D3-BF4B-00C04F79EFBC}") = "03. Sum Prime Non Prime", "03. Sum Prime Non Prime.csproj", "{5AF0C11A-7071-43F1-84F1-C2B863222984}"
EndProject
Global
	GlobalSection(SolutionConfigurationPlatforms) = preSolution
		Debug|Any CPU = Debug|Any CPU
		Release|Any CPU = Release|Any CPU
	EndGlobalSection
	GlobalSection(ProjectConfigurationPlatforms) = postSolution
		{5AF0C11A-7071-43F1-84F1-C2B863222984}.Debug|Any CPU.ActiveCfg = Debug|Any CPU
		{5AF0C11A-7071-43F1-84F1-C2B863222984}.Debug|Any CPU.Build.0 = Debug|Any CPU
		{5AF0C11A-7071-43F1-84F1-C2B863222984}.Release|Any CPU.ActiveCfg = Release|Any CPU
		{5AF0C11A-7071-43F1-84F1-C2B863222984}.Release|Any CPU.Build.0 = Release|Any CPU
	EndGlobalSection
	GlobalSection(SolutionProperties) = preSolution
		HideSolutionNode = FALSE
	EndGlobalSection
	GlobalSection(ExtensibilityGlobals) = postSolution
		SolutionGuid = {93BAD3C7-BD36-4345-AA99-86A1B0D555D2}
	EndGlobalSection
EndGlobal
