
Microsoft Visual Studio Solution File, Format Version 12.00
# Visual Studio Version 17
VisualStudioVersion = 17.7.34031.279
MinimumVisualStudioVersion = 10.0.40219.1
Project("{FAE04EC0-301F-11D3-BF4B-00C04F79EFBC}") = "06. World Swimming Record", "06. World Swimming Record.csproj", "{26FD54FC-6EF2-4E08-BD2E-D9F7D4EF8F63}"
EndProject
Global
	GlobalSection(SolutionConfigurationPlatforms) = preSolution
		Debug|Any CPU = Debug|Any CPU
		Release|Any CPU = Release|Any CPU
	EndGlobalSection
	GlobalSection(ProjectConfigurationPlatforms) = postSolution
		{26FD54FC-6EF2-4E08-BD2E-D9F7D4EF8F63}.Debug|Any CPU.ActiveCfg = Debug|Any CPU
		{26FD54FC-6EF2-4E08-BD2E-D9F7D4EF8F63}.Debug|Any CPU.Build.0 = Debug|Any CPU
		{26FD54FC-6EF2-4E08-BD2E-D9F7D4EF8F63}.Release|Any CPU.ActiveCfg = Release|Any CPU
		{26FD54FC-6EF2-4E08-BD2E-D9F7D4EF8F63}.Release|Any CPU.Build.0 = Release|Any CPU
	EndGlobalSection
	GlobalSection(SolutionProperties) = preSolution
		HideSolutionNode = FALSE
	EndGlobalSection
	GlobalSection(ExtensibilityGlobals) = postSolution
		SolutionGuid = {6FF7470E-CBEC-4E41-82CC-3B828E8CBD96}
	EndGlobalSection
EndGlobal
