
Microsoft Visual Studio Solution File, Format Version 12.00
# Visual Studio Version 17
VisualStudioVersion = 17.7.34031.279
MinimumVisualStudioVersion = 10.0.40219.1
Project("{FAE04EC0-301F-11D3-BF4B-00C04F79EFBC}") = "01. Sum Seconds", "01. Sum Seconds.csproj", "{9DE6F85C-D8FA-4988-8D02-3C402879F156}"
EndProject
Global
	GlobalSection(SolutionConfigurationPlatforms) = preSolution
		Debug|Any CPU = Debug|Any CPU
		Release|Any CPU = Release|Any CPU
	EndGlobalSection
	GlobalSection(ProjectConfigurationPlatforms) = postSolution
		{9DE6F85C-D8FA-4988-8D02-3C402879F156}.Debug|Any CPU.ActiveCfg = Debug|Any CPU
		{9DE6F85C-D8FA-4988-8D02-3C402879F156}.Debug|Any CPU.Build.0 = Debug|Any CPU
		{9DE6F85C-D8FA-4988-8D02-3C402879F156}.Release|Any CPU.ActiveCfg = Release|Any CPU
		{9DE6F85C-D8FA-4988-8D02-3C402879F156}.Release|Any CPU.Build.0 = Release|Any CPU
	EndGlobalSection
	GlobalSection(SolutionProperties) = preSolution
		HideSolutionNode = FALSE
	EndGlobalSection
	GlobalSection(ExtensibilityGlobals) = postSolution
		SolutionGuid = {1B063CF3-A6B8-4657-AC55-6EDF2AE8BB99}
	EndGlobalSection
EndGlobal
