
Microsoft Visual Studio Solution File, Format Version 12.00
# Visual Studio Version 17
VisualStudioVersion = 17.7.34031.279
MinimumVisualStudioVersion = 10.0.40219.1
Project("{FAE04EC0-301F-11D3-BF4B-00C04F79EFBC}") = "07. Trekking Mania", "07. Trekking Mania.csproj", "{1775391C-A851-4A18-AFB6-77670BD43E34}"
EndProject
Global
	GlobalSection(SolutionConfigurationPlatforms) = preSolution
		Debug|Any CPU = Debug|Any CPU
		Release|Any CPU = Release|Any CPU
	EndGlobalSection
	GlobalSection(ProjectConfigurationPlatforms) = postSolution
		{1775391C-A851-4A18-AFB6-77670BD43E34}.Debug|Any CPU.ActiveCfg = Debug|Any CPU
		{1775391C-A851-4A18-AFB6-77670BD43E34}.Debug|Any CPU.Build.0 = Debug|Any CPU
		{1775391C-A851-4A18-AFB6-77670BD43E34}.Release|Any CPU.ActiveCfg = Release|Any CPU
		{1775391C-A851-4A18-AFB6-77670BD43E34}.Release|Any CPU.Build.0 = Release|Any CPU
	EndGlobalSection
	GlobalSection(SolutionProperties) = preSolution
		HideSolutionNode = FALSE
	EndGlobalSection
	GlobalSection(ExtensibilityGlobals) = postSolution
		SolutionGuid = {68C3AB72-79BA-4E5D-87EA-BF49A0D0ECCC}
	EndGlobalSection
EndGlobal
