
Microsoft Visual Studio Solution File, Format Version 12.00
# Visual Studio Version 17
VisualStudioVersion = 17.7.34031.279
MinimumVisualStudioVersion = 10.0.40219.1
Project("{FAE04EC0-301F-11D3-BF4B-00C04F79EFBC}") = "01. Number Pyramid", "01. Number Pyramid.csproj", "{D2F91DB2-3041-4152-8C58-F8F0CE4EA9C6}"
EndProject
Global
	GlobalSection(SolutionConfigurationPlatforms) = preSolution
		Debug|Any CPU = Debug|Any CPU
		Release|Any CPU = Release|Any CPU
	EndGlobalSection
	GlobalSection(ProjectConfigurationPlatforms) = postSolution
		{D2F91DB2-3041-4152-8C58-F8F0CE4EA9C6}.Debug|Any CPU.ActiveCfg = Debug|Any CPU
		{D2F91DB2-3041-4152-8C58-F8F0CE4EA9C6}.Debug|Any CPU.Build.0 = Debug|Any CPU
		{D2F91DB2-3041-4152-8C58-F8F0CE4EA9C6}.Release|Any CPU.ActiveCfg = Release|Any CPU
		{D2F91DB2-3041-4152-8C58-F8F0CE4EA9C6}.Release|Any CPU.Build.0 = Release|Any CPU
	EndGlobalSection
	GlobalSection(SolutionProperties) = preSolution
		HideSolutionNode = FALSE
	EndGlobalSection
	GlobalSection(ExtensibilityGlobals) = postSolution
		SolutionGuid = {94E5C760-D31F-4891-AFD3-E313C4BE5E2F}
	EndGlobalSection
EndGlobal
