
Microsoft Visual Studio Solution File, Format Version 12.00
# Visual Studio Version 17
VisualStudioVersion = 17.7.34031.279
MinimumVisualStudioVersion = 10.0.40219.1
Project("{FAE04EC0-301F-11D3-BF4B-00C04F79EFBC}") = "01. Numbers Ending in 7", "01. Numbers Ending in 7.csproj", "{6F65414C-B940-427D-821B-DFD70562ED9A}"
EndProject
Global
	GlobalSection(SolutionConfigurationPlatforms) = preSolution
		Debug|Any CPU = Debug|Any CPU
		Release|Any CPU = Release|Any CPU
	EndGlobalSection
	GlobalSection(ProjectConfigurationPlatforms) = postSolution
		{6F65414C-B940-427D-821B-DFD70562ED9A}.Debug|Any CPU.ActiveCfg = Debug|Any CPU
		{6F65414C-B940-427D-821B-DFD70562ED9A}.Debug|Any CPU.Build.0 = Debug|Any CPU
		{6F65414C-B940-427D-821B-DFD70562ED9A}.Release|Any CPU.ActiveCfg = Release|Any CPU
		{6F65414C-B940-427D-821B-DFD70562ED9A}.Release|Any CPU.Build.0 = Release|Any CPU
	EndGlobalSection
	GlobalSection(SolutionProperties) = preSolution
		HideSolutionNode = FALSE
	EndGlobalSection
	GlobalSection(ExtensibilityGlobals) = postSolution
		SolutionGuid = {92027D2E-4C29-4731-89FC-3359EE0002EA}
	EndGlobalSection
EndGlobal
